
Microsoft Visual Studio Solution File, Format Version 12.00
# Visual Studio Version 17
VisualStudioVersion = 17.1.32328.378
MinimumVisualStudioVersion = 10.0.40219.1
Project("{FAE04EC0-301F-11D3-BF4B-00C04F79EFBC}") = "ExamExcercises", "ExamExcercises.csproj", "{C7D8652F-C08E-4CD3-A7B4-EAEA7B31F3A8}"
EndProject
Global
	GlobalSection(SolutionConfigurationPlatforms) = preSolution
		Debug|Any CPU = Debug|Any CPU
		Release|Any CPU = Release|Any CPU
	EndGlobalSection
	GlobalSection(ProjectConfigurationPlatforms) = postSolution
		{C7D8652F-C08E-4CD3-A7B4-EAEA7B31F3A8}.Debug|Any CPU.ActiveCfg = Debug|Any CPU
		{C7D8652F-C08E-4CD3-A7B4-EAEA7B31F3A8}.Debug|Any CPU.Build.0 = Debug|Any CPU
		{C7D8652F-C08E-4CD3-A7B4-EAEA7B31F3A8}.Release|Any CPU.ActiveCfg = Release|Any CPU
		{C7D8652F-C08E-4CD3-A7B4-EAEA7B31F3A8}.Release|Any CPU.Build.0 = Release|Any CPU
	EndGlobalSection
	GlobalSection(SolutionProperties) = preSolution
		HideSolutionNode = FALSE
	EndGlobalSection
	GlobalSection(ExtensibilityGlobals) = postSolution
		SolutionGuid = {024EE546-118C-4E41-B8E2-862CBDD4D370}
	EndGlobalSection
EndGlobal
