
Microsoft Visual Studio Solution File, Format Version 12.00
# Visual Studio Version 16
VisualStudioVersion = 16.0.33130.400
MinimumVisualStudioVersion = 10.0.40219.1
Project("{8BC9CEB8-8B4A-11D0-8D11-00A0C91BC942}") = "Project4", "Project4\Project4.vcxproj", "{399BBFE1-69F4-4DEB-8EB5-984E1EE2B995}"
EndProject
Global
	GlobalSection(SolutionConfigurationPlatforms) = preSolution
		Debug|x64 = Debug|x64
		Debug|x86 = Debug|x86
		Release|x64 = Release|x64
		Release|x86 = Release|x86
	EndGlobalSection
	GlobalSection(ProjectConfigurationPlatforms) = postSolution
		{399BBFE1-69F4-4DEB-8EB5-984E1EE2B995}.Debug|x64.ActiveCfg = Debug|x64
		{399BBFE1-69F4-4DEB-8EB5-984E1EE2B995}.Debug|x64.Build.0 = Debug|x64
		{399BBFE1-69F4-4DEB-8EB5-984E1EE2B995}.Debug|x86.ActiveCfg = Debug|Win32
		{399BBFE1-69F4-4DEB-8EB5-984E1EE2B995}.Debug|x86.Build.0 = Debug|Win32
		{399BBFE1-69F4-4DEB-8EB5-984E1EE2B995}.Release|x64.ActiveCfg = Release|x64
		{399BBFE1-69F4-4DEB-8EB5-984E1EE2B995}.Release|x64.Build.0 = Release|x64
		{399BBFE1-69F4-4DEB-8EB5-984E1EE2B995}.Release|x86.ActiveCfg = Release|Win32
		{399BBFE1-69F4-4DEB-8EB5-984E1EE2B995}.Release|x86.Build.0 = Release|Win32
	EndGlobalSection
	GlobalSection(SolutionProperties) = preSolution
		HideSolutionNode = FALSE
	EndGlobalSection
	GlobalSection(ExtensibilityGlobals) = postSolution
		SolutionGuid = {E6B4AD5A-293E-46B1-995A-18CC5702C5EA}
	EndGlobalSection
EndGlobal
