
Microsoft Visual Studio Solution File, Format Version 12.00
# Visual Studio Version 17
VisualStudioVersion = 17.2.32505.173
MinimumVisualStudioVersion = 10.0.40219.1
Project("{FAE04EC0-301F-11D3-BF4B-00C04F79EFBC}") = "Matching_Game", "Matching_Game\Matching_Game.csproj", "{B727B37B-4D17-4EA1-A70C-0F3483ADAE4F}"
EndProject
Global
	GlobalSection(SolutionConfigurationPlatforms) = preSolution
		Debug|Any CPU = Debug|Any CPU
		Release|Any CPU = Release|Any CPU
	EndGlobalSection
	GlobalSection(ProjectConfigurationPlatforms) = postSolution
		{B727B37B-4D17-4EA1-A70C-0F3483ADAE4F}.Debug|Any CPU.ActiveCfg = Debug|Any CPU
		{B727B37B-4D17-4EA1-A70C-0F3483ADAE4F}.Debug|Any CPU.Build.0 = Debug|Any CPU
		{B727B37B-4D17-4EA1-A70C-0F3483ADAE4F}.Release|Any CPU.ActiveCfg = Release|Any CPU
		{B727B37B-4D17-4EA1-A70C-0F3483ADAE4F}.Release|Any CPU.Build.0 = Release|Any CPU
	EndGlobalSection
	GlobalSection(SolutionProperties) = preSolution
		HideSolutionNode = FALSE
	EndGlobalSection
	GlobalSection(ExtensibilityGlobals) = postSolution
		SolutionGuid = {EE05C235-F072-4A09-B14F-0DC15D511601}
	EndGlobalSection
EndGlobal
