
Microsoft Visual Studio Solution File, Format Version 12.00
# Visual Studio Version 17
VisualStudioVersion = 17.1.32328.378
MinimumVisualStudioVersion = 10.0.40219.1
Project("{FAE04EC0-301F-11D3-BF4B-00C04F79EFBC}") = "School", "School.csproj", "{1AFA2B49-8A53-4736-B143-ED985BF1EC4F}"
EndProject
Global
	GlobalSection(SolutionConfigurationPlatforms) = preSolution
		Debug|Any CPU = Debug|Any CPU
		Release|Any CPU = Release|Any CPU
	EndGlobalSection
	GlobalSection(ProjectConfigurationPlatforms) = postSolution
		{1AFA2B49-8A53-4736-B143-ED985BF1EC4F}.Debug|Any CPU.ActiveCfg = Debug|Any CPU
		{1AFA2B49-8A53-4736-B143-ED985BF1EC4F}.Debug|Any CPU.Build.0 = Debug|Any CPU
		{1AFA2B49-8A53-4736-B143-ED985BF1EC4F}.Release|Any CPU.ActiveCfg = Release|Any CPU
		{1AFA2B49-8A53-4736-B143-ED985BF1EC4F}.Release|Any CPU.Build.0 = Release|Any CPU
	EndGlobalSection
	GlobalSection(SolutionProperties) = preSolution
		HideSolutionNode = FALSE
	EndGlobalSection
	GlobalSection(ExtensibilityGlobals) = postSolution
		SolutionGuid = {DE91B63A-C2E8-4918-A4A0-DE18045CC628}
	EndGlobalSection
EndGlobal
